
Microsoft Visual Studio Solution File, Format Version 12.00
# Visual Studio Version 17
VisualStudioVersion = 17.1.32414.318
MinimumVisualStudioVersion = 10.0.40219.1
Project("{FAE04EC0-301F-11D3-BF4B-00C04F79EFBC}") = "Bai01", "Bai01\Bai01.csproj", "{007644A0-B370-450D-8D97-7B3B678E6622}"
EndProject
Project("{FAE04EC0-301F-11D3-BF4B-00C04F79EFBC}") = "Bai02", "Bai02\Bai02.csproj", "{A2E454C7-646C-48A1-8060-4BD4499C1504}"
EndProject
Project("{FAE04EC0-301F-11D3-BF4B-00C04F79EFBC}") = "Bai03", "Bai03\Bai03.csproj", "{8CAB097D-6928-4044-917F-EC4C313EB8AB}"
EndProject
Global
	GlobalSection(SolutionConfigurationPlatforms) = preSolution
		Debug|Any CPU = Debug|Any CPU
		Release|Any CPU = Release|Any CPU
	EndGlobalSection
	GlobalSection(ProjectConfigurationPlatforms) = postSolution
		{007644A0-B370-450D-8D97-7B3B678E6622}.Debug|Any CPU.ActiveCfg = Debug|Any CPU
		{007644A0-B370-450D-8D97-7B3B678E6622}.Debug|Any CPU.Build.0 = Debug|Any CPU
		{007644A0-B370-450D-8D97-7B3B678E6622}.Release|Any CPU.ActiveCfg = Release|Any CPU
		{007644A0-B370-450D-8D97-7B3B678E6622}.Release|Any CPU.Build.0 = Release|Any CPU
		{A2E454C7-646C-48A1-8060-4BD4499C1504}.Debug|Any CPU.ActiveCfg = Debug|Any CPU
		{A2E454C7-646C-48A1-8060-4BD4499C1504}.Debug|Any CPU.Build.0 = Debug|Any CPU
		{A2E454C7-646C-48A1-8060-4BD4499C1504}.Release|Any CPU.ActiveCfg = Release|Any CPU
		{A2E454C7-646C-48A1-8060-4BD4499C1504}.Release|Any CPU.Build.0 = Release|Any CPU
		{8CAB097D-6928-4044-917F-EC4C313EB8AB}.Debug|Any CPU.ActiveCfg = Debug|Any CPU
		{8CAB097D-6928-4044-917F-EC4C313EB8AB}.Debug|Any CPU.Build.0 = Debug|Any CPU
		{8CAB097D-6928-4044-917F-EC4C313EB8AB}.Release|Any CPU.ActiveCfg = Release|Any CPU
		{8CAB097D-6928-4044-917F-EC4C313EB8AB}.Release|Any CPU.Build.0 = Release|Any CPU
	EndGlobalSection
	GlobalSection(SolutionProperties) = preSolution
		HideSolutionNode = FALSE
	EndGlobalSection
	GlobalSection(ExtensibilityGlobals) = postSolution
		SolutionGuid = {16C6E486-B8E4-4AEF-8BC6-C485AD4F13EE}
	EndGlobalSection
EndGlobal
